
Microsoft Visual Studio Solution File, Format Version 12.00
# Visual Studio 15
VisualStudioVersion = 15.0.28307.539
MinimumVisualStudioVersion = 10.0.40219.1
Project("{FAE04EC0-301F-11D3-BF4B-00C04F79EFBC}") = "ns ghjcnj cjkywt", "ns ghjcnj cjkywt\ns ghjcnj cjkywt.csproj", "{6557693B-4DE6-4477-8F79-078FB213CB88}"
EndProject
Global
	GlobalSection(SolutionConfigurationPlatforms) = preSolution
		Debug|Any CPU = Debug|Any CPU
		Release|Any CPU = Release|Any CPU
	EndGlobalSection
	GlobalSection(ProjectConfigurationPlatforms) = postSolution
		{6557693B-4DE6-4477-8F79-078FB213CB88}.Debug|Any CPU.ActiveCfg = Debug|Any CPU
		{6557693B-4DE6-4477-8F79-078FB213CB88}.Debug|Any CPU.Build.0 = Debug|Any CPU
		{6557693B-4DE6-4477-8F79-078FB213CB88}.Release|Any CPU.ActiveCfg = Release|Any CPU
		{6557693B-4DE6-4477-8F79-078FB213CB88}.Release|Any CPU.Build.0 = Release|Any CPU
	EndGlobalSection
	GlobalSection(SolutionProperties) = preSolution
		HideSolutionNode = FALSE
	EndGlobalSection
	GlobalSection(ExtensibilityGlobals) = postSolution
		SolutionGuid = {AEBA6706-1331-4DB9-9788-59A27AEE48B8}
	EndGlobalSection
EndGlobal
